
Microsoft Visual Studio Solution File, Format Version 12.00
# Visual Studio Version 17
VisualStudioVersion = 17.7.34024.191
MinimumVisualStudioVersion = 10.0.40219.1
Project("{FAE04EC0-301F-11D3-BF4B-00C04F79EFBC}") = "MaticoveOperaceCopy", "MaticoveOperaceCopy\MaticoveOperaceCopy.csproj", "{594A9FEF-1E30-40F2-933B-77006E6CBBD9}"
EndProject
Global
	GlobalSection(SolutionConfigurationPlatforms) = preSolution
		Debug|Any CPU = Debug|Any CPU
		Release|Any CPU = Release|Any CPU
	EndGlobalSection
	GlobalSection(ProjectConfigurationPlatforms) = postSolution
		{594A9FEF-1E30-40F2-933B-77006E6CBBD9}.Debug|Any CPU.ActiveCfg = Debug|Any CPU
		{594A9FEF-1E30-40F2-933B-77006E6CBBD9}.Debug|Any CPU.Build.0 = Debug|Any CPU
		{594A9FEF-1E30-40F2-933B-77006E6CBBD9}.Release|Any CPU.ActiveCfg = Release|Any CPU
		{594A9FEF-1E30-40F2-933B-77006E6CBBD9}.Release|Any CPU.Build.0 = Release|Any CPU
	EndGlobalSection
	GlobalSection(SolutionProperties) = preSolution
		HideSolutionNode = FALSE
	EndGlobalSection
	GlobalSection(ExtensibilityGlobals) = postSolution
		SolutionGuid = {E151CACC-A18F-4ECC-BC41-54729268735C}
	EndGlobalSection
EndGlobal
