
Microsoft Visual Studio Solution File, Format Version 12.00
# Visual Studio Version 17
VisualStudioVersion = 17.7.34024.191
MinimumVisualStudioVersion = 10.0.40219.1
Project("{FAE04EC0-301F-11D3-BF4B-00C04F79EFBC}") = "Matice", "Matice\Matice.csproj", "{F3BBB9EE-A674-4F6C-971B-0C915EBCEDEA}"
EndProject
Global
	GlobalSection(SolutionConfigurationPlatforms) = preSolution
		Debug|Any CPU = Debug|Any CPU
		Release|Any CPU = Release|Any CPU
	EndGlobalSection
	GlobalSection(ProjectConfigurationPlatforms) = postSolution
		{F3BBB9EE-A674-4F6C-971B-0C915EBCEDEA}.Debug|Any CPU.ActiveCfg = Debug|Any CPU
		{F3BBB9EE-A674-4F6C-971B-0C915EBCEDEA}.Debug|Any CPU.Build.0 = Debug|Any CPU
		{F3BBB9EE-A674-4F6C-971B-0C915EBCEDEA}.Release|Any CPU.ActiveCfg = Release|Any CPU
		{F3BBB9EE-A674-4F6C-971B-0C915EBCEDEA}.Release|Any CPU.Build.0 = Release|Any CPU
	EndGlobalSection
	GlobalSection(SolutionProperties) = preSolution
		HideSolutionNode = FALSE
	EndGlobalSection
	GlobalSection(ExtensibilityGlobals) = postSolution
		SolutionGuid = {69B6DA15-92C2-41CC-80D3-5CB40B030138}
	EndGlobalSection
EndGlobal
